
Microsoft Visual Studio Solution File, Format Version 12.00
# Visual Studio Version 17
VisualStudioVersion = 17.5.33530.505
MinimumVisualStudioVersion = 10.0.40219.1
Project("{FAE04EC0-301F-11D3-BF4B-00C04F79EFBC}") = "DevOpsBck", "DevOpsBck.csproj", "{823D0EBF-7FDA-48F5-ACA6-E32597B1F308}"
EndProject
Global
	GlobalSection(SolutionConfigurationPlatforms) = preSolution
		Debug|Any CPU = Debug|Any CPU
		Release|Any CPU = Release|Any CPU
	EndGlobalSection
	GlobalSection(ProjectConfigurationPlatforms) = postSolution
		{823D0EBF-7FDA-48F5-ACA6-E32597B1F308}.Debug|Any CPU.ActiveCfg = Debug|Any CPU
		{823D0EBF-7FDA-48F5-ACA6-E32597B1F308}.Debug|Any CPU.Build.0 = Debug|Any CPU
		{823D0EBF-7FDA-48F5-ACA6-E32597B1F308}.Release|Any CPU.ActiveCfg = Release|Any CPU
		{823D0EBF-7FDA-48F5-ACA6-E32597B1F308}.Release|Any CPU.Build.0 = Release|Any CPU
	EndGlobalSection
	GlobalSection(SolutionProperties) = preSolution
		HideSolutionNode = FALSE
	EndGlobalSection
	GlobalSection(ExtensibilityGlobals) = postSolution
		SolutionGuid = {3198379C-B954-44BA-B839-2AC74C39076D}
	EndGlobalSection
EndGlobal
